
Microsoft Visual Studio Solution File, Format Version 12.00
# Visual Studio Version 17
VisualStudioVersion = 17.9.34701.34
MinimumVisualStudioVersion = 10.0.40219.1
Project("{9A19103F-16F7-4668-BE54-9A1E7A4F7556}") = "MauiApp2", "MauiApp2\MauiApp2.csproj", "{23DF1258-F001-4C13-BA12-F463990C75FC}"
EndProject
Project("{2150E333-8FDC-42A3-9474-1A3956D46DE8}") = "솔루션 항목", "솔루션 항목", "{0699BA65-4ED0-4F03-AF10-DA2AC320E6B5}"
	ProjectSection(SolutionItems) = preProject
		README.md = README.md
	EndProjectSection
EndProject
Global
	GlobalSection(SolutionConfigurationPlatforms) = preSolution
		Debug|Any CPU = Debug|Any CPU
		Release|Any CPU = Release|Any CPU
	EndGlobalSection
	GlobalSection(ProjectConfigurationPlatforms) = postSolution
		{23DF1258-F001-4C13-BA12-F463990C75FC}.Debug|Any CPU.ActiveCfg = Debug|Any CPU
		{23DF1258-F001-4C13-BA12-F463990C75FC}.Debug|Any CPU.Build.0 = Debug|Any CPU
		{23DF1258-F001-4C13-BA12-F463990C75FC}.Debug|Any CPU.Deploy.0 = Debug|Any CPU
		{23DF1258-F001-4C13-BA12-F463990C75FC}.Release|Any CPU.ActiveCfg = Release|Any CPU
		{23DF1258-F001-4C13-BA12-F463990C75FC}.Release|Any CPU.Build.0 = Release|Any CPU
		{23DF1258-F001-4C13-BA12-F463990C75FC}.Release|Any CPU.Deploy.0 = Release|Any CPU
	EndGlobalSection
	GlobalSection(SolutionProperties) = preSolution
		HideSolutionNode = FALSE
	EndGlobalSection
	GlobalSection(ExtensibilityGlobals) = postSolution
		SolutionGuid = {EA863844-A9E5-4AA5-B1D6-AAE2115DFD75}
	EndGlobalSection
EndGlobal
